
Microsoft Visual Studio Solution File, Format Version 12.00
# Visual Studio Version 17
VisualStudioVersion = 17.14.36414.22
MinimumVisualStudioVersion = 10.0.40219.1
Project("{FAE04EC0-301F-11D3-BF4B-00C04F79EFBC}") = "UI_MB29", "IngenieriaSoftware\UI_MB29.csproj", "{469866EF-657C-475D-990C-45CB807A21FC}"
EndProject
Project("{FAE04EC0-301F-11D3-BF4B-00C04F79EFBC}") = "BLL_MB29", "BLL\BLL_MB29.csproj", "{A4C5A3E2-AA25-4F19-8958-BEE6CE2C7BD7}"
EndProject
Project("{FAE04EC0-301F-11D3-BF4B-00C04F79EFBC}") = "DAL_MB29", "DAL\DAL_MB29.csproj", "{A42D4A04-54BF-4E18-B8EF-26143449F98E}"
EndProject
Project("{FAE04EC0-301F-11D3-BF4B-00C04F79EFBC}") = "MPP_MB29", "MPP\MPP_MB29.csproj", "{BCBAF0F9-A110-4C7A-B406-387FFB807B4C}"
EndProject
Project("{FAE04EC0-301F-11D3-BF4B-00C04F79EFBC}") = "BE_MB29", "BE\BE_MB29.csproj", "{27719F9E-B70E-49BE-9C69-87AA351A970E}"
EndProject
Project("{2150E333-8FDC-42A3-9474-1A3956D46DE8}") = "Elementos de la solución", "Elementos de la solución", "{D107F4C8-89CC-BEA8-D3D7-CA6B7733353D}"
	ProjectSection(SolutionItems) = preProject
		.gitignore = .gitignore
	EndProjectSection
EndProject
Global
	GlobalSection(SolutionConfigurationPlatforms) = preSolution
		Debug|Any CPU = Debug|Any CPU
		Release|Any CPU = Release|Any CPU
	EndGlobalSection
	GlobalSection(ProjectConfigurationPlatforms) = postSolution
		{469866EF-657C-475D-990C-45CB807A21FC}.Debug|Any CPU.ActiveCfg = Debug|Any CPU
		{469866EF-657C-475D-990C-45CB807A21FC}.Debug|Any CPU.Build.0 = Debug|Any CPU
		{469866EF-657C-475D-990C-45CB807A21FC}.Release|Any CPU.ActiveCfg = Release|Any CPU
		{469866EF-657C-475D-990C-45CB807A21FC}.Release|Any CPU.Build.0 = Release|Any CPU
		{A4C5A3E2-AA25-4F19-8958-BEE6CE2C7BD7}.Debug|Any CPU.ActiveCfg = Debug|Any CPU
		{A4C5A3E2-AA25-4F19-8958-BEE6CE2C7BD7}.Debug|Any CPU.Build.0 = Debug|Any CPU
		{A4C5A3E2-AA25-4F19-8958-BEE6CE2C7BD7}.Release|Any CPU.ActiveCfg = Release|Any CPU
		{A4C5A3E2-AA25-4F19-8958-BEE6CE2C7BD7}.Release|Any CPU.Build.0 = Release|Any CPU
		{A42D4A04-54BF-4E18-B8EF-26143449F98E}.Debug|Any CPU.ActiveCfg = Debug|Any CPU
		{A42D4A04-54BF-4E18-B8EF-26143449F98E}.Debug|Any CPU.Build.0 = Debug|Any CPU
		{A42D4A04-54BF-4E18-B8EF-26143449F98E}.Release|Any CPU.ActiveCfg = Release|Any CPU
		{A42D4A04-54BF-4E18-B8EF-26143449F98E}.Release|Any CPU.Build.0 = Release|Any CPU
		{BCBAF0F9-A110-4C7A-B406-387FFB807B4C}.Debug|Any CPU.ActiveCfg = Debug|Any CPU
		{BCBAF0F9-A110-4C7A-B406-387FFB807B4C}.Debug|Any CPU.Build.0 = Debug|Any CPU
		{BCBAF0F9-A110-4C7A-B406-387FFB807B4C}.Release|Any CPU.ActiveCfg = Release|Any CPU
		{BCBAF0F9-A110-4C7A-B406-387FFB807B4C}.Release|Any CPU.Build.0 = Release|Any CPU
		{27719F9E-B70E-49BE-9C69-87AA351A970E}.Debug|Any CPU.ActiveCfg = Debug|Any CPU
		{27719F9E-B70E-49BE-9C69-87AA351A970E}.Debug|Any CPU.Build.0 = Debug|Any CPU
		{27719F9E-B70E-49BE-9C69-87AA351A970E}.Release|Any CPU.ActiveCfg = Release|Any CPU
		{27719F9E-B70E-49BE-9C69-87AA351A970E}.Release|Any CPU.Build.0 = Release|Any CPU
	EndGlobalSection
	GlobalSection(SolutionProperties) = preSolution
		HideSolutionNode = FALSE
	EndGlobalSection
	GlobalSection(ExtensibilityGlobals) = postSolution
		SolutionGuid = {8DFBE3B4-B36C-4D73-B429-A557879A4053}
	EndGlobalSection
EndGlobal
